
Microsoft Visual Studio Solution File, Format Version 12.00
# Visual Studio Version 16
VisualStudioVersion = 16.0.31129.286
MinimumVisualStudioVersion = 10.0.40219.1
Project("{FAE04EC0-301F-11D3-BF4B-00C04F79EFBC}") = "SqlConnectionProj", "SqlConnectionProj\SqlConnectionProj.csproj", "{F15F21CD-2617-4AB9-BE11-42E4D0E73380}"
EndProject
Global
	GlobalSection(SolutionConfigurationPlatforms) = preSolution
		Debug|Any CPU = Debug|Any CPU
		Release|Any CPU = Release|Any CPU
	EndGlobalSection
	GlobalSection(ProjectConfigurationPlatforms) = postSolution
		{F15F21CD-2617-4AB9-BE11-42E4D0E73380}.Debug|Any CPU.ActiveCfg = Debug|Any CPU
		{F15F21CD-2617-4AB9-BE11-42E4D0E73380}.Debug|Any CPU.Build.0 = Debug|Any CPU
		{F15F21CD-2617-4AB9-BE11-42E4D0E73380}.Release|Any CPU.ActiveCfg = Release|Any CPU
		{F15F21CD-2617-4AB9-BE11-42E4D0E73380}.Release|Any CPU.Build.0 = Release|Any CPU
	EndGlobalSection
	GlobalSection(SolutionProperties) = preSolution
		HideSolutionNode = FALSE
	EndGlobalSection
	GlobalSection(ExtensibilityGlobals) = postSolution
		SolutionGuid = {16ABB51E-F64B-47D5-BD7E-FB04084D24E4}
	EndGlobalSection
EndGlobal
